// !$*UTF8*$!
{
	archiveVersion = 1;
	classes = {
	};
	objectVersion = 46;
	objects = {

/* Begin PBXBuildFile section */
		74387A831E9DBEAB00F66BE0 /* MasonryViewController.m in Sources */ = {isa = PBXBuildFile; fileRef = 74387A821E9DBEAB00F66BE0 /* MasonryViewController.m */; };
		74387A841E9DBEAB00F66BE0 /* MasonryViewController.m in Sources */ = {isa = PBXBuildFile; fileRef = 74387A821E9DBEAB00F66BE0 /* MasonryViewController.m */; };
		74387A871E9F50CC00F66BE0 /* MasonryKeyBoardViewController.m in Sources */ = {isa = PBXBuildFile; fileRef = 74387A861E9F50CC00F66BE0 /* MasonryKeyBoardViewController.m */; };
		74387A881E9F50CC00F66BE0 /* MasonryKeyBoardViewController.m in Sources */ = {isa = PBXBuildFile; fileRef = 74387A861E9F50CC00F66BE0 /* MasonryKeyBoardViewController.m */; };
		745695221E9B550C00A5AA02 /* ViewController2.m in Sources */ = {isa = PBXBuildFile; fileRef = 745695211E9B550C00A5AA02 /* ViewController2.m */; };
		745695231E9B550C00A5AA02 /* ViewController2.m in Sources */ = {isa = PBXBuildFile; fileRef = 745695211E9B550C00A5AA02 /* ViewController2.m */; };
		749DE5201E98D56300821AA9 /* main.m in Sources */ = {isa = PBXBuildFile; fileRef = 749DE51F1E98D56300821AA9 /* main.m */; };
		749DE5231E98D56300821AA9 /* AppDelegate.m in Sources */ = {isa = PBXBuildFile; fileRef = 749DE5221E98D56300821AA9 /* AppDelegate.m */; };
		749DE5261E98D56300821AA9 /* ViewController.m in Sources */ = {isa = PBXBuildFile; fileRef = 749DE5251E98D56300821AA9 /* ViewController.m */; };
		749DE5291E98D56300821AA9 /* Main.storyboard in Resources */ = {isa = PBXBuildFile; fileRef = 749DE5271E98D56300821AA9 /* Main.storyboard */; };
		749DE52B1E98D56400821AA9 /* Assets.xcassets in Resources */ = {isa = PBXBuildFile; fileRef = 749DE52A1E98D56400821AA9 /* Assets.xcassets */; };
		749DE52E1E98D56400821AA9 /* LaunchScreen.storyboard in Resources */ = {isa = PBXBuildFile; fileRef = 749DE52C1E98D56400821AA9 /* LaunchScreen.storyboard */; };
		749DE5391E98D56500821AA9 /* TestTests.m in Sources */ = {isa = PBXBuildFile; fileRef = 749DE5381E98D56500821AA9 /* TestTests.m */; };
		749DE5441E98D56500821AA9 /* TestUITests.m in Sources */ = {isa = PBXBuildFile; fileRef = 749DE5431E98D56500821AA9 /* TestUITests.m */; };
		DE48A2D9D35FE80AD89D2091 /* libPods-Test.a in Frameworks */ = {isa = PBXBuildFile; fileRef = F91B03426F47C4A5858477C5 /* libPods-Test.a */; };
/* End PBXBuildFile section */

/* Begin PBXContainerItemProxy section */
		749DE5351E98D56500821AA9 /* PBXContainerItemProxy */ = {
			isa = PBXContainerItemProxy;
			containerPortal = 749DE5131E98D56200821AA9 /* Project object */;
			proxyType = 1;
			remoteGlobalIDString = 749DE51A1E98D56200821AA9;
			remoteInfo = Test;
		};
		749DE5401E98D56500821AA9 /* PBXContainerItemProxy */ = {
			isa = PBXContainerItemProxy;
			containerPortal = 749DE5131E98D56200821AA9 /* Project object */;
			proxyType = 1;
			remoteGlobalIDString = 749DE51A1E98D56200821AA9;
			remoteInfo = Test;
		};
/* End PBXContainerItemProxy section */

/* Begin PBXFileReference section */
		74387A811E9DBEAB00F66BE0 /* MasonryViewController.h */ = {isa = PBXFileReference; fileEncoding = 4; lastKnownFileType = sourcecode.c.h; path = MasonryViewController.h; sourceTree = "<group>"; };
		74387A821E9DBEAB00F66BE0 /* MasonryViewController.m */ = {isa = PBXFileReference; fileEncoding = 4; lastKnownFileType = sourcecode.c.objc; path = MasonryViewController.m; sourceTree = "<group>"; };
		74387A851E9F50CC00F66BE0 /* MasonryKeyBoardViewController.h */ = {isa = PBXFileReference; fileEncoding = 4; lastKnownFileType = sourcecode.c.h; path = MasonryKeyBoardViewController.h; sourceTree = "<group>"; };
		74387A861E9F50CC00F66BE0 /* MasonryKeyBoardViewController.m */ = {isa = PBXFileReference; fileEncoding = 4; lastKnownFileType = sourcecode.c.objc; path = MasonryKeyBoardViewController.m; sourceTree = "<group>"; };
		745695201E9B550C00A5AA02 /* ViewController2.h */ = {isa = PBXFileReference; fileEncoding = 4; lastKnownFileType = sourcecode.c.h; path = ViewController2.h; sourceTree = "<group>"; };
		745695211E9B550C00A5AA02 /* ViewController2.m */ = {isa = PBXFileReference; fileEncoding = 4; lastKnownFileType = sourcecode.c.objc; path = ViewController2.m; sourceTree = "<group>"; };
		749DE51B1E98D56200821AA9 /* Test.app */ = {isa = PBXFileReference; explicitFileType = wrapper.application; includeInIndex = 0; path = Test.app; sourceTree = BUILT_PRODUCTS_DIR; };
		749DE51F1E98D56300821AA9 /* main.m */ = {isa = PBXFileReference; lastKnownFileType = sourcecode.c.objc; path = main.m; sourceTree = "<group>"; };
		749DE5211E98D56300821AA9 /* AppDelegate.h */ = {isa = PBXFileReference; lastKnownFileType = sourcecode.c.h; path = AppDelegate.h; sourceTree = "<group>"; };
		749DE5221E98D56300821AA9 /* AppDelegate.m */ = {isa = PBXFileReference; lastKnownFileType = sourcecode.c.objc; path = AppDelegate.m; sourceTree = "<group>"; };
		749DE5241E98D56300821AA9 /* ViewController.h */ = {isa = PBXFileReference; lastKnownFileType = sourcecode.c.h; path = ViewController.h; sourceTree = "<group>"; };
		749DE5251E98D56300821AA9 /* ViewController.m */ = {isa = PBXFileReference; lastKnownFileType = sourcecode.c.objc; path = ViewController.m; sourceTree = "<group>"; };
		749DE5281E98D56300821AA9 /* Base */ = {isa = PBXFileReference; lastKnownFileType = file.storyboard; name = Base; path = Base.lproj/Main.storyboard; sourceTree = "<group>"; };
		749DE52A1E98D56400821AA9 /* Assets.xcassets */ = {isa = PBXFileReference; lastKnownFileType = folder.assetcatalog; path = Assets.xcassets; sourceTree = "<group>"; };
		749DE52D1E98D56400821AA9 /* Base */ = {isa = PBXFileReference; lastKnownFileType = file.storyboard; name = Base; path = Base.lproj/LaunchScreen.storyboard; sourceTree = "<group>"; };
		749DE52F1E98D56400821AA9 /* Info.plist */ = {isa = PBXFileReference; lastKnownFileType = text.plist.xml; path = Info.plist; sourceTree = "<group>"; };
		749DE5341E98D56500821AA9 /* TestTests.xctest */ = {isa = PBXFileReference; explicitFileType = wrapper.cfbundle; includeInIndex = 0; path = TestTests.xctest; sourceTree = BUILT_PRODUCTS_DIR; };
		749DE5381E98D56500821AA9 /* TestTests.m */ = {isa = PBXFileReference; lastKnownFileType = sourcecode.c.objc; path = TestTests.m; sourceTree = "<group>"; };
		749DE53A1E98D56500821AA9 /* Info.plist */ = {isa = PBXFileReference; lastKnownFileType = text.plist.xml; path = Info.plist; sourceTree = "<group>"; };
		749DE53F1E98D56500821AA9 /* TestUITests.xctest */ = {isa = PBXFileReference; explicitFileType = wrapper.cfbundle; includeInIndex = 0; path = TestUITests.xctest; sourceTree = BUILT_PRODUCTS_DIR; };
		749DE5431E98D56500821AA9 /* TestUITests.m */ = {isa = PBXFileReference; lastKnownFileType = sourcecode.c.objc; path = TestUITests.m; sourceTree = "<group>"; };
		749DE5451E98D56500821AA9 /* Info.plist */ = {isa = PBXFileReference; lastKnownFileType = text.plist.xml; path = Info.plist; sourceTree = "<group>"; };
		A251DAE5CEA6A31045907264 /* Pods-Test.debug.xcconfig */ = {isa = PBXFileReference; includeInIndex = 1; lastKnownFileType = text.xcconfig; name = "Pods-Test.debug.xcconfig"; path = "Pods/Target Support Files/Pods-Test/Pods-Test.debug.xcconfig"; sourceTree = "<group>"; };
		E56201401D1975E2809B607C /* Pods-Test.release.xcconfig */ = {isa = PBXFileReference; includeInIndex = 1; lastKnownFileType = text.xcconfig; name = "Pods-Test.release.xcconfig"; path = "Pods/Target Support Files/Pods-Test/Pods-Test.release.xcconfig"; sourceTree = "<group>"; };
		F91B03426F47C4A5858477C5 /* libPods-Test.a */ = {isa = PBXFileReference; explicitFileType = archive.ar; includeInIndex = 0; path = "libPods-Test.a"; sourceTree = BUILT_PRODUCTS_DIR; };
/* End PBXFileReference section */

/* Begin PBXFrameworksBuildPhase section */
		749DE5181E98D56200821AA9 /* Frameworks */ = {
			isa = PBXFrameworksBuildPhase;
			buildActionMask = 2147483647;
			files = (
				DE48A2D9D35FE80AD89D2091 /* libPods-Test.a in Frameworks */,
			);
			runOnlyForDeploymentPostprocessing = 0;
		};
		749DE5311E98D56500821AA9 /* Frameworks */ = {
			isa = PBXFrameworksBuildPhase;
			buildActionMask = 2147483647;
			files = (
			);
			runOnlyForDeploymentPostprocessing = 0;
		};
		749DE53C1E98D56500821AA9 /* Frameworks */ = {
			isa = PBXFrameworksBuildPhase;
			buildActionMask = 2147483647;
			files = (
			);
			runOnlyForDeploymentPostprocessing = 0;
		};
/* End PBXFrameworksBuildPhase section */

/* Begin PBXGroup section */
		1F5E0530B30FA481E15CAD29 /* Pods */ = {
			isa = PBXGroup;
			children = (
				A251DAE5CEA6A31045907264 /* Pods-Test.debug.xcconfig */,
				E56201401D1975E2809B607C /* Pods-Test.release.xcconfig */,
			);
			name = Pods;
			sourceTree = "<group>";
		};
		4DAAF671330D6A2A5C31768B /* Frameworks */ = {
			isa = PBXGroup;
			children = (
				F91B03426F47C4A5858477C5 /* libPods-Test.a */,
			);
			name = Frameworks;
			sourceTree = "<group>";
		};
		74387A801E9DBE6C00F66BE0 /* Masonry约束 */ = {
			isa = PBXGroup;
			children = (
				74387A811E9DBEAB00F66BE0 /* MasonryViewController.h */,
				74387A821E9DBEAB00F66BE0 /* MasonryViewController.m */,
				74387A851E9F50CC00F66BE0 /* MasonryKeyBoardViewController.h */,
				74387A861E9F50CC00F66BE0 /* MasonryKeyBoardViewController.m */,
			);
			name = "Masonry约束";
			sourceTree = "<group>";
		};
		749DE5121E98D56200821AA9 = {
			isa = PBXGroup;
			children = (
				749DE51D1E98D56300821AA9 /* Test */,
				749DE5371E98D56500821AA9 /* TestTests */,
				749DE5421E98D56500821AA9 /* TestUITests */,
				749DE51C1E98D56200821AA9 /* Products */,
				1F5E0530B30FA481E15CAD29 /* Pods */,
				4DAAF671330D6A2A5C31768B /* Frameworks */,
			);
			sourceTree = "<group>";
		};
		749DE51C1E98D56200821AA9 /* Products */ = {
			isa = PBXGroup;
			children = (
				749DE51B1E98D56200821AA9 /* Test.app */,
				749DE5341E98D56500821AA9 /* TestTests.xctest */,
				749DE53F1E98D56500821AA9 /* TestUITests.xctest */,
			);
			name = Products;
			sourceTree = "<group>";
		};
		749DE51D1E98D56300821AA9 /* Test */ = {
			isa = PBXGroup;
			children = (
				749DE5211E98D56300821AA9 /* AppDelegate.h */,
				749DE5221E98D56300821AA9 /* AppDelegate.m */,
				749DE5241E98D56300821AA9 /* ViewController.h */,
				749DE5251E98D56300821AA9 /* ViewController.m */,
				745695201E9B550C00A5AA02 /* ViewController2.h */,
				745695211E9B550C00A5AA02 /* ViewController2.m */,
				74387A801E9DBE6C00F66BE0 /* Masonry约束 */,
				749DE5271E98D56300821AA9 /* Main.storyboard */,
				749DE52A1E98D56400821AA9 /* Assets.xcassets */,
				749DE52C1E98D56400821AA9 /* LaunchScreen.storyboard */,
				749DE52F1E98D56400821AA9 /* Info.plist */,
				749DE51E1E98D56300821AA9 /* Supporting Files */,
			);
			path = Test;
			sourceTree = "<group>";
		};
		749DE51E1E98D56300821AA9 /* Supporting Files */ = {
			isa = PBXGroup;
			children = (
				749DE51F1E98D56300821AA9 /* main.m */,
			);
			name = "Supporting Files";
			sourceTree = "<group>";
		};
		749DE5371E98D56500821AA9 /* TestTests */ = {
			isa = PBXGroup;
			children = (
				749DE5381E98D56500821AA9 /* TestTests.m */,
				749DE53A1E98D56500821AA9 /* Info.plist */,
			);
			path = TestTests;
			sourceTree = "<group>";
		};
		749DE5421E98D56500821AA9 /* TestUITests */ = {
			isa = PBXGroup;
			children = (
				749DE5431E98D56500821AA9 /* TestUITests.m */,
				749DE5451E98D56500821AA9 /* Info.plist */,
			);
			path = TestUITests;
			sourceTree = "<group>";
		};
/* End PBXGroup section */

/* Begin PBXNativeTarget section */
		749DE51A1E98D56200821AA9 /* Test */ = {
			isa = PBXNativeTarget;
			buildConfigurationList = 749DE5481E98D56500821AA9 /* Build configuration list for PBXNativeTarget "Test" */;
			buildPhases = (
				86F4301B293515512398F222 /* [CP] Check Pods Manifest.lock */,
				749DE5171E98D56200821AA9 /* Sources */,
				749DE5181E98D56200821AA9 /* Frameworks */,
				749DE5191E98D56200821AA9 /* Resources */,
				A82599E295614BA2738EBB57 /* [CP] Embed Pods Frameworks */,
				F1BF234E173B2E0BF793091A /* [CP] Copy Pods Resources */,
			);
			buildRules = (
			);
			dependencies = (
			);
			name = Test;
			productName = Test;
			productReference = 749DE51B1E98D56200821AA9 /* Test.app */;
			productType = "com.apple.product-type.application";
		};
		749DE5331E98D56500821AA9 /* TestTests */ = {
			isa = PBXNativeTarget;
			buildConfigurationList = 749DE54B1E98D56500821AA9 /* Build configuration list for PBXNativeTarget "TestTests" */;
			buildPhases = (
				749DE5301E98D56500821AA9 /* Sources */,
				749DE5311E98D56500821AA9 /* Frameworks */,
				749DE5321E98D56500821AA9 /* Resources */,
			);
			buildRules = (
			);
			dependencies = (
				749DE5361E98D56500821AA9 /* PBXTargetDependency */,
			);
			name = TestTests;
			productName = TestTests;
			productReference = 749DE5341E98D56500821AA9 /* TestTests.xctest */;
			productType = "com.apple.product-type.bundle.unit-test";
		};
		749DE53E1E98D56500821AA9 /* TestUITests */ = {
			isa = PBXNativeTarget;
			buildConfigurationList = 749DE54E1E98D56500821AA9 /* Build configuration list for PBXNativeTarget "TestUITests" */;
			buildPhases = (
				749DE53B1E98D56500821AA9 /* Sources */,
				749DE53C1E98D56500821AA9 /* Frameworks */,
				749DE53D1E98D56500821AA9 /* Resources */,
			);
			buildRules = (
			);
			dependencies = (
				749DE5411E98D56500821AA9 /* PBXTargetDependency */,
			);
			name = TestUITests;
			productName = TestUITests;
			productReference = 749DE53F1E98D56500821AA9 /* TestUITests.xctest */;
			productType = "com.apple.product-type.bundle.ui-testing";
		};
/* End PBXNativeTarget section */

/* Begin PBXProject section */
		749DE5131E98D56200821AA9 /* Project object */ = {
			isa = PBXProject;
			attributes = {
				LastUpgradeCheck = 0820;
				ORGANIZATIONNAME = pthk;
				TargetAttributes = {
					749DE51A1E98D56200821AA9 = {
						CreatedOnToolsVersion = 8.2.1;
						DevelopmentTeam = 66KJFKBM3F;
						ProvisioningStyle = Automatic;
					};
					749DE5331E98D56500821AA9 = {
						CreatedOnToolsVersion = 8.2.1;
						DevelopmentTeam = 66KJFKBM3F;
						ProvisioningStyle = Automatic;
						TestTargetID = 749DE51A1E98D56200821AA9;
					};
					749DE53E1E98D56500821AA9 = {
						CreatedOnToolsVersion = 8.2.1;
						DevelopmentTeam = 66KJFKBM3F;
						ProvisioningStyle = Automatic;
						TestTargetID = 749DE51A1E98D56200821AA9;
					};
				};
			};
			buildConfigurationList = 749DE5161E98D56200821AA9 /* Build configuration list for PBXProject "Test" */;
			compatibilityVersion = "Xcode 3.2";
			developmentRegion = English;
			hasScannedForEncodings = 0;
			knownRegions = (
				en,
				Base,
			);
			mainGroup = 749DE5121E98D56200821AA9;
			productRefGroup = 749DE51C1E98D56200821AA9 /* Products */;
			projectDirPath = "";
			projectRoot = "";
			targets = (
				749DE51A1E98D56200821AA9 /* Test */,
				749DE5331E98D56500821AA9 /* TestTests */,
				749DE53E1E98D56500821AA9 /* TestUITests */,
			);
		};
/* End PBXProject section */

/* Begin PBXResourcesBuildPhase section */
		749DE5191E98D56200821AA9 /* Resources */ = {
			isa = PBXResourcesBuildPhase;
			buildActionMask = 2147483647;
			files = (
				749DE52E1E98D56400821AA9 /* LaunchScreen.storyboard in Resources */,
				749DE52B1E98D56400821AA9 /* Assets.xcassets in Resources */,
				749DE5291E98D56300821AA9 /* Main.storyboard in Resources */,
			);
			runOnlyForDeploymentPostprocessing = 0;
		};
		749DE5321E98D56500821AA9 /* Resources */ = {
			isa = PBXResourcesBuildPhase;
			buildActionMask = 2147483647;
			files = (
			);
			runOnlyForDeploymentPostprocessing = 0;
		};
		749DE53D1E98D56500821AA9 /* Resources */ = {
			isa = PBXResourcesBuildPhase;
			buildActionMask = 2147483647;
			files = (
			);
			runOnlyForDeploymentPostprocessing = 0;
		};
/* End PBXResourcesBuildPhase section */

/* Begin PBXShellScriptBuildPhase section */
		86F4301B293515512398F222 /* [CP] Check Pods Manifest.lock */ = {
			isa = PBXShellScriptBuildPhase;
			buildActionMask = 2147483647;
			files = (
			);
			inputPaths = (
			);
			name = "[CP] Check Pods Manifest.lock";
			outputPaths = (
			);
			runOnlyForDeploymentPostprocessing = 0;
			shellPath = /bin/sh;
			shellScript = "diff \"${PODS_ROOT}/../Podfile.lock\" \"${PODS_ROOT}/Manifest.lock\" > /dev/null\nif [ $? != 0 ] ; then\n    # print error to STDERR\n    echo \"error: The sandbox is not in sync with the Podfile.lock. Run 'pod install' or update your CocoaPods installation.\" >&2\n    exit 1\nfi\n";
			showEnvVarsInLog = 0;
		};
		A82599E295614BA2738EBB57 /* [CP] Embed Pods Frameworks */ = {
			isa = PBXShellScriptBuildPhase;
			buildActionMask = 2147483647;
			files = (
			);
			inputPaths = (
			);
			name = "[CP] Embed Pods Frameworks";
			outputPaths = (
			);
			runOnlyForDeploymentPostprocessing = 0;
			shellPath = /bin/sh;
			shellScript = "\"${SRCROOT}/Pods/Target Support Files/Pods-Test/Pods-Test-frameworks.sh\"\n";
			showEnvVarsInLog = 0;
		};
		F1BF234E173B2E0BF793091A /* [CP] Copy Pods Resources */ = {
			isa = PBXShellScriptBuildPhase;
			buildActionMask = 2147483647;
			files = (
			);
			inputPaths = (
			);
			name = "[CP] Copy Pods Resources";
			outputPaths = (
			);
			runOnlyForDeploymentPostprocessing = 0;
			shellPath = /bin/sh;
			shellScript = "\"${SRCROOT}/Pods/Target Support Files/Pods-Test/Pods-Test-resources.sh\"\n";
			showEnvVarsInLog = 0;
		};
/* End PBXShellScriptBuildPhase section */

/* Begin PBXSourcesBuildPhase section */
		749DE5171E98D56200821AA9 /* Sources */ = {
			isa = PBXSourcesBuildPhase;
			buildActionMask = 2147483647;
			files = (
				74387A831E9DBEAB00F66BE0 /* MasonryViewController.m in Sources */,
				749DE5261E98D56300821AA9 /* ViewController.m in Sources */,
				745695221E9B550C00A5AA02 /* ViewController2.m in Sources */,
				74387A871E9F50CC00F66BE0 /* MasonryKeyBoardViewController.m in Sources */,
				749DE5231E98D56300821AA9 /* AppDelegate.m in Sources */,
				749DE5201E98D56300821AA9 /* main.m in Sources */,
			);
			runOnlyForDeploymentPostprocessing = 0;
		};
		749DE5301E98D56500821AA9 /* Sources */ = {
			isa = PBXSourcesBuildPhase;
			buildActionMask = 2147483647;
			files = (
				749DE5391E98D56500821AA9 /* TestTests.m in Sources */,
			);
			runOnlyForDeploymentPostprocessing = 0;
		};
		749DE53B1E98D56500821AA9 /* Sources */ = {
			isa = PBXSourcesBuildPhase;
			buildActionMask = 2147483647;
			files = (
				749DE5441E98D56500821AA9 /* TestUITests.m in Sources */,
				745695231E9B550C00A5AA02 /* ViewController2.m in Sources */,
				74387A841E9DBEAB00F66BE0 /* MasonryViewController.m in Sources */,
				74387A881E9F50CC00F66BE0 /* MasonryKeyBoardViewController.m in Sources */,
			);
			runOnlyForDeploymentPostprocessing = 0;
		};
/* End PBXSourcesBuildPhase section */

/* Begin PBXTargetDependency section */
		749DE5361E98D56500821AA9 /* PBXTargetDependency */ = {
			isa = PBXTargetDependency;
			target = 749DE51A1E98D56200821AA9 /* Test */;
			targetProxy = 749DE5351E98D56500821AA9 /* PBXContainerItemProxy */;
		};
		749DE5411E98D56500821AA9 /* PBXTargetDependency */ = {
			isa = PBXTargetDependency;
			target = 749DE51A1E98D56200821AA9 /* Test */;
			targetProxy = 749DE5401E98D56500821AA9 /* PBXContainerItemProxy */;
		};
/* End PBXTargetDependency section */

/* Begin PBXVariantGroup section */
		749DE5271E98D56300821AA9 /* Main.storyboard */ = {
			isa = PBXVariantGroup;
			children = (
				749DE5281E98D56300821AA9 /* Base */,
			);
			name = Main.storyboard;
			sourceTree = "<group>";
		};
		749DE52C1E98D56400821AA9 /* LaunchScreen.storyboard */ = {
			isa = PBXVariantGroup;
			children = (
				749DE52D1E98D56400821AA9 /* Base */,
			);
			name = LaunchScreen.storyboard;
			sourceTree = "<group>";
		};
/* End PBXVariantGroup section */

/* Begin XCBuildConfiguration section */
		749DE5461E98D56500821AA9 /* Debug */ = {
			isa = XCBuildConfiguration;
			buildSettings = {
				ALWAYS_SEARCH_USER_PATHS = NO;
				CLANG_ANALYZER_NONNULL = YES;
				CLANG_CXX_LANGUAGE_STANDARD = "gnu++0x";
				CLANG_CXX_LIBRARY = "libc++";
				CLANG_ENABLE_MODULES = YES;
				CLANG_ENABLE_OBJC_ARC = YES;
				CLANG_ENABLE_OBJC_WEAK = NO;
				CLANG_WARN_BOOL_CONVERSION = YES;
				CLANG_WARN_CONSTANT_CONVERSION = YES;
				CLANG_WARN_DIRECT_OBJC_ISA_USAGE = YES_ERROR;
				CLANG_WARN_DOCUMENTATION_COMMENTS = YES;
				CLANG_WARN_EMPTY_BODY = YES;
				CLANG_WARN_ENUM_CONVERSION = YES;
				CLANG_WARN_INFINITE_RECURSION = YES;
				CLANG_WARN_INT_CONVERSION = YES;
				CLANG_WARN_OBJC_ROOT_CLASS = YES_ERROR;
				CLANG_WARN_SUSPICIOUS_MOVE = YES;
				CLANG_WARN_UNREACHABLE_CODE = YES;
				CLANG_WARN__DUPLICATE_METHOD_MATCH = YES;
				"CODE_SIGN_IDENTITY[sdk=iphoneos*]" = "iPhone Developer";
				COPY_PHASE_STRIP = NO;
				DEBUG_INFORMATION_FORMAT = dwarf;
				ENABLE_STRICT_OBJC_MSGSEND = YES;
				ENABLE_TESTABILITY = YES;
				GCC_C_LANGUAGE_STANDARD = gnu99;
				GCC_DYNAMIC_NO_PIC = NO;
				GCC_NO_COMMON_BLOCKS = YES;
				GCC_OPTIMIZATION_LEVEL = 0;
				GCC_PREPROCESSOR_DEFINITIONS = (
					"DEBUG=1",
					"$(inherited)",
				);
				GCC_WARN_64_TO_32_BIT_CONVERSION = YES;
				GCC_WARN_ABOUT_RETURN_TYPE = YES_ERROR;
				GCC_WARN_UNDECLARED_SELECTOR = YES;
				GCC_WARN_UNINITIALIZED_AUTOS = YES_AGGRESSIVE;
				GCC_WARN_UNUSED_FUNCTION = YES;
				GCC_WARN_UNUSED_VARIABLE = YES;
				IPHONEOS_DEPLOYMENT_TARGET = 10.2;
				MTL_ENABLE_DEBUG_INFO = YES;
				ONLY_ACTIVE_ARCH = YES;
				SDKROOT = iphoneos;
				TARGETED_DEVICE_FAMILY = "1,2";
			};
			name = Debug;
		};
		749DE5471E98D56500821AA9 /* Release */ = {
			isa = XCBuildConfiguration;
			buildSettings = {
				ALWAYS_SEARCH_USER_PATHS = NO;
				CLANG_ANALYZER_NONNULL = YES;
				CLANG_CXX_LANGUAGE_STANDARD = "gnu++0x";
				CLANG_CXX_LIBRARY = "libc++";
				CLANG_ENABLE_MODULES = YES;
				CLANG_ENABLE_OBJC_ARC = YES;
				CLANG_ENABLE_OBJC_WEAK = NO;
				CLANG_WARN_BOOL_CONVERSION = YES;
				CLANG_WARN_CONSTANT_CONVERSION = YES;
				CLANG_WARN_DIRECT_OBJC_ISA_USAGE = YES_ERROR;
				CLANG_WARN_DOCUMENTATION_COMMENTS = YES;
				CLANG_WARN_EMPTY_BODY = YES;
				CLANG_WARN_ENUM_CONVERSION = YES;
				CLANG_WARN_INFINITE_RECURSION = YES;
				CLANG_WARN_INT_CONVERSION = YES;
				CLANG_WARN_OBJC_ROOT_CLASS = YES_ERROR;
				CLANG_WARN_SUSPICIOUS_MOVE = YES;
				CLANG_WARN_UNREACHABLE_CODE = YES;
				CLANG_WARN__DUPLICATE_METHOD_MATCH = YES;
				"CODE_SIGN_IDENTITY[sdk=iphoneos*]" = "iPhone Developer";
				COPY_PHASE_STRIP = NO;
				DEBUG_INFORMATION_FORMAT = "dwarf-with-dsym";
				ENABLE_NS_ASSERTIONS = NO;
				ENABLE_STRICT_OBJC_MSGSEND = YES;
				GCC_C_LANGUAGE_STANDARD = gnu99;
				GCC_NO_COMMON_BLOCKS = YES;
				GCC_WARN_64_TO_32_BIT_CONVERSION = YES;
				GCC_WARN_ABOUT_RETURN_TYPE = YES_ERROR;
				GCC_WARN_UNDECLARED_SELECTOR = YES;
				GCC_WARN_UNINITIALIZED_AUTOS = YES_AGGRESSIVE;
				GCC_WARN_UNUSED_FUNCTION = YES;
				GCC_WARN_UNUSED_VARIABLE = YES;
				IPHONEOS_DEPLOYMENT_TARGET = 10.2;
				MTL_ENABLE_DEBUG_INFO = NO;
				SDKROOT = iphoneos;
				TARGETED_DEVICE_FAMILY = "1,2";
				VALIDATE_PRODUCT = YES;
			};
			name = Release;
		};
		749DE5491E98D56500821AA9 /* Debug */ = {
			isa = XCBuildConfiguration;
			baseConfigurationReference = A251DAE5CEA6A31045907264 /* Pods-Test.debug.xcconfig */;
			buildSettings = {
				ASSETCATALOG_COMPILER_APPICON_NAME = AppIcon;
				CLANG_ENABLE_OBJC_WEAK = NO;
				DEVELOPMENT_TEAM = 66KJFKBM3F;
				INFOPLIST_FILE = Test/Info.plist;
				IPHONEOS_DEPLOYMENT_TARGET = 10.1;
				LD_RUNPATH_SEARCH_PATHS = "$(inherited) @executable_path/Frameworks";
				PRODUCT_BUNDLE_IDENTIFIER = pthk.Test;
				PRODUCT_NAME = "$(TARGET_NAME)";
				TARGETED_DEVICE_FAMILY = 1;
			};
			name = Debug;
		};
		749DE54A1E98D56500821AA9 /* Release */ = {
			isa = XCBuildConfiguration;
			baseConfigurationReference = E56201401D1975E2809B607C /* Pods-Test.release.xcconfig */;
			buildSettings = {
				ASSETCATALOG_COMPILER_APPICON_NAME = AppIcon;
				CLANG_ENABLE_OBJC_WEAK = NO;
				DEVELOPMENT_TEAM = 66KJFKBM3F;
				INFOPLIST_FILE = Test/Info.plist;
				IPHONEOS_DEPLOYMENT_TARGET = 10.1;
				LD_RUNPATH_SEARCH_PATHS = "$(inherited) @executable_path/Frameworks";
				PRODUCT_BUNDLE_IDENTIFIER = pthk.Test;
				PRODUCT_NAME = "$(TARGET_NAME)";
				TARGETED_DEVICE_FAMILY = 1;
			};
			name = Release;
		};
		749DE54C1E98D56500821AA9 /* Debug */ = {
			isa = XCBuildConfiguration;
			buildSettings = {
				BUNDLE_LOADER = "$(TEST_HOST)";
				DEVELOPMENT_TEAM = 66KJFKBM3F;
				INFOPLIST_FILE = TestTests/Info.plist;
				LD_RUNPATH_SEARCH_PATHS = "$(inherited) @executable_path/Frameworks @loader_path/Frameworks";
				PRODUCT_BUNDLE_IDENTIFIER = pthk.TestTests;
				PRODUCT_NAME = "$(TARGET_NAME)";
				TEST_HOST = "$(BUILT_PRODUCTS_DIR)/Test.app/Test";
			};
			name = Debug;
		};
		749DE54D1E98D56500821AA9 /* Release */ = {
			isa = XCBuildConfiguration;
			buildSettings = {
				BUNDLE_LOADER = "$(TEST_HOST)";
				DEVELOPMENT_TEAM = 66KJFKBM3F;
				INFOPLIST_FILE = TestTests/Info.plist;
				LD_RUNPATH_SEARCH_PATHS = "$(inherited) @executable_path/Frameworks @loader_path/Frameworks";
				PRODUCT_BUNDLE_IDENTIFIER = pthk.TestTests;
				PRODUCT_NAME = "$(TARGET_NAME)";
				TEST_HOST = "$(BUILT_PRODUCTS_DIR)/Test.app/Test";
			};
			name = Release;
		};
		749DE54F1E98D56500821AA9 /* Debug */ = {
			isa = XCBuildConfiguration;
			buildSettings = {
				DEVELOPMENT_TEAM = 66KJFKBM3F;
				INFOPLIST_FILE = TestUITests/Info.plist;
				LD_RUNPATH_SEARCH_PATHS = "$(inherited) @executable_path/Frameworks @loader_path/Frameworks";
				PRODUCT_BUNDLE_IDENTIFIER = pthk.TestUITests;
				PRODUCT_NAME = "$(TARGET_NAME)";
				TEST_TARGET_NAME = Test;
			};
			name = Debug;
		};
		749DE5501E98D56500821AA9 /* Release */ = {
			isa = XCBuildConfiguration;
			buildSettings = {
				DEVELOPMENT_TEAM = 66KJFKBM3F;
				INFOPLIST_FILE = TestUITests/Info.plist;
				LD_RUNPATH_SEARCH_PATHS = "$(inherited) @executable_path/Frameworks @loader_path/Frameworks";
				PRODUCT_BUNDLE_IDENTIFIER = pthk.TestUITests;
				PRODUCT_NAME = "$(TARGET_NAME)";
				TEST_TARGET_NAME = Test;
			};
			name = Release;
		};
/* End XCBuildConfiguration section */

/* Begin XCConfigurationList section */
		749DE5161E98D56200821AA9 /* Build configuration list for PBXProject "Test" */ = {
			isa = XCConfigurationList;
			buildConfigurations = (
				749DE5461E98D56500821AA9 /* Debug */,
				749DE5471E98D56500821AA9 /* Release */,
			);
			defaultConfigurationIsVisible = 0;
			defaultConfigurationName = Release;
		};
		749DE5481E98D56500821AA9 /* Build configuration list for PBXNativeTarget "Test" */ = {
			isa = XCConfigurationList;
			buildConfigurations = (
				749DE5491E98D56500821AA9 /* Debug */,
				749DE54A1E98D56500821AA9 /* Release */,
			);
			defaultConfigurationIsVisible = 0;
			defaultConfigurationName = Release;
		};
		749DE54B1E98D56500821AA9 /* Build configuration list for PBXNativeTarget "TestTests" */ = {
			isa = XCConfigurationList;
			buildConfigurations = (
				749DE54C1E98D56500821AA9 /* Debug */,
				749DE54D1E98D56500821AA9 /* Release */,
			);
			defaultConfigurationIsVisible = 0;
			defaultConfigurationName = Release;
		};
		749DE54E1E98D56500821AA9 /* Build configuration list for PBXNativeTarget "TestUITests" */ = {
			isa = XCConfigurationList;
			buildConfigurations = (
				749DE54F1E98D56500821AA9 /* Debug */,
				749DE5501E98D56500821AA9 /* Release */,
			);
			defaultConfigurationIsVisible = 0;
			defaultConfigurationName = Release;
		};
/* End XCConfigurationList section */
	};
	rootObject = 749DE5131E98D56200821AA9 /* Project object */;
}
